// !$*UTF8*$!
{
	archiveVersion = 1;
	classes = {
	};
	objectVersion = 56;
	objects = {

/* Begin PBXBuildFile section */
		11E353B82A53CEB00067A519 /* StatusbarReminderAppApp.swift in Sources */ = {isa = PBXBuildFile; fileRef = 11E353B72A53CEB00067A519 /* StatusbarReminderAppApp.swift */; };
		11E353BA2A53CEB00067A519 /* ContentView.swift in Sources */ = {isa = PBXBuildFile; fileRef = 11E353B92A53CEB00067A519 /* ContentView.swift */; };
		11E353BC2A53CEB10067A519 /* Assets.xcassets in Resources */ = {isa = PBXBuildFile; fileRef = 11E353BB2A53CEB10067A519 /* Assets.xcassets */; };
		11E353BF2A53CEB10067A519 /* Preview Assets.xcassets in Resources */ = {isa = PBXBuildFile; fileRef = 11E353BE2A53CEB10067A519 /* Preview Assets.xcassets */; };
		11E353CB2A53CF360067A519 /* HomeView.swift in Sources */ = {isa = PBXBuildFile; fileRef = 11E353CA2A53CF360067A519 /* HomeView.swift */; };
		11E353CD2A53CF440067A519 /* HomeViewModel.swift in Sources */ = {isa = PBXBuildFile; fileRef = 11E353CC2A53CF440067A519 /* HomeViewModel.swift */; };
		11E353D02A53E4900067A519 /* BaseViewModel.swift in Sources */ = {isa = PBXBuildFile; fileRef = 11E353CF2A53E4900067A519 /* BaseViewModel.swift */; };
		11E353D42A53F4E00067A519 /* RoutineContainer.xcdatamodeld in Sources */ = {isa = PBXBuildFile; fileRef = 11E353D22A53F4E00067A519 /* RoutineContainer.xcdatamodeld */; };
		11E353D62A54235F0067A519 /* RoutineAddView.swift in Sources */ = {isa = PBXBuildFile; fileRef = 11E353D52A54235F0067A519 /* RoutineAddView.swift */; };
/* End PBXBuildFile section */

/* Begin PBXFileReference section */
		11E353B42A53CEB00067A519 /* StatusbarReminderApp.app */ = {isa = PBXFileReference; explicitFileType = wrapper.application; includeInIndex = 0; path = StatusbarReminderApp.app; sourceTree = BUILT_PRODUCTS_DIR; };
		11E353B72A53CEB00067A519 /* StatusbarReminderAppApp.swift */ = {isa = PBXFileReference; lastKnownFileType = sourcecode.swift; path = StatusbarReminderAppApp.swift; sourceTree = "<group>"; };
		11E353B92A53CEB00067A519 /* ContentView.swift */ = {isa = PBXFileReference; lastKnownFileType = sourcecode.swift; path = ContentView.swift; sourceTree = "<group>"; };
		11E353BB2A53CEB10067A519 /* Assets.xcassets */ = {isa = PBXFileReference; lastKnownFileType = folder.assetcatalog; path = Assets.xcassets; sourceTree = "<group>"; };
		11E353BE2A53CEB10067A519 /* Preview Assets.xcassets */ = {isa = PBXFileReference; lastKnownFileType = folder.assetcatalog; path = "Preview Assets.xcassets"; sourceTree = "<group>"; };
		11E353C02A53CEB10067A519 /* StatusbarReminderApp.entitlements */ = {isa = PBXFileReference; lastKnownFileType = text.plist.entitlements; path = StatusbarReminderApp.entitlements; sourceTree = "<group>"; };
		11E353CA2A53CF360067A519 /* HomeView.swift */ = {isa = PBXFileReference; lastKnownFileType = sourcecode.swift; path = HomeView.swift; sourceTree = "<group>"; };
		11E353CC2A53CF440067A519 /* HomeViewModel.swift */ = {isa = PBXFileReference; lastKnownFileType = sourcecode.swift; path = HomeViewModel.swift; sourceTree = "<group>"; };
		11E353CF2A53E4900067A519 /* BaseViewModel.swift */ = {isa = PBXFileReference; lastKnownFileType = sourcecode.swift; path = BaseViewModel.swift; sourceTree = "<group>"; };
		11E353D32A53F4E00067A519 /* RoutineContainer.xcdatamodel */ = {isa = PBXFileReference; lastKnownFileType = wrapper.xcdatamodel; path = RoutineContainer.xcdatamodel; sourceTree = "<group>"; };
		11E353D52A54235F0067A519 /* RoutineAddView.swift */ = {isa = PBXFileReference; lastKnownFileType = sourcecode.swift; path = RoutineAddView.swift; sourceTree = "<group>"; };
/* End PBXFileReference section */

/* Begin PBXFrameworksBuildPhase section */
		11E353B12A53CEB00067A519 /* Frameworks */ = {
			isa = PBXFrameworksBuildPhase;
			buildActionMask = 2147483647;
			files = (
			);
			runOnlyForDeploymentPostprocessing = 0;
		};
/* End PBXFrameworksBuildPhase section */

/* Begin PBXGroup section */
		11E353AB2A53CEB00067A519 = {
			isa = PBXGroup;
			children = (
				11E353B62A53CEB00067A519 /* StatusbarReminderApp */,
				11E353B52A53CEB00067A519 /* Products */,
			);
			sourceTree = "<group>";
		};
		11E353B52A53CEB00067A519 /* Products */ = {
			isa = PBXGroup;
			children = (
				11E353B42A53CEB00067A519 /* StatusbarReminderApp.app */,
			);
			name = Products;
			sourceTree = "<group>";
		};
		11E353B62A53CEB00067A519 /* StatusbarReminderApp */ = {
			isa = PBXGroup;
			children = (
				11E353D12A53F4B90067A519 /* CoreData */,
				11E353C62A53CED90067A519 /* Core */,
				11E353CE2A53E46D0067A519 /* App */,
				11E353BB2A53CEB10067A519 /* Assets.xcassets */,
				11E353C02A53CEB10067A519 /* StatusbarReminderApp.entitlements */,
				11E353BD2A53CEB10067A519 /* Preview Content */,
			);
			path = StatusbarReminderApp;
			sourceTree = "<group>";
		};
		11E353BD2A53CEB10067A519 /* Preview Content */ = {
			isa = PBXGroup;
			children = (
				11E353BE2A53CEB10067A519 /* Preview Assets.xcassets */,
			);
			path = "Preview Content";
			sourceTree = "<group>";
		};
		11E353C62A53CED90067A519 /* Core */ = {
			isa = PBXGroup;
			children = (
				11E353C72A53CEE40067A519 /* Home */,
			);
			path = Core;
			sourceTree = "<group>";
		};
		11E353C72A53CEE40067A519 /* Home */ = {
			isa = PBXGroup;
			children = (
				11E353C92A53CEFB0067A519 /* ViewModel */,
				11E353C82A53CEF50067A519 /* View */,
			);
			path = Home;
			sourceTree = "<group>";
		};
		11E353C82A53CEF50067A519 /* View */ = {
			isa = PBXGroup;
			children = (
				11E353CA2A53CF360067A519 /* HomeView.swift */,
				11E353D52A54235F0067A519 /* RoutineAddView.swift */,
			);
			path = View;
			sourceTree = "<group>";
		};
		11E353C92A53CEFB0067A519 /* ViewModel */ = {
			isa = PBXGroup;
			children = (
				11E353CC2A53CF440067A519 /* HomeViewModel.swift */,
			);
			path = ViewModel;
			sourceTree = "<group>";
		};
		11E353CE2A53E46D0067A519 /* App */ = {
			isa = PBXGroup;
			children = (
				11E353B72A53CEB00067A519 /* StatusbarReminderAppApp.swift */,
				11E353B92A53CEB00067A519 /* ContentView.swift */,
				11E353CF2A53E4900067A519 /* BaseViewModel.swift */,
			);
			path = App;
			sourceTree = "<group>";
		};
		11E353D12A53F4B90067A519 /* CoreData */ = {
			isa = PBXGroup;
			children = (
				11E353D22A53F4E00067A519 /* RoutineContainer.xcdatamodeld */,
			);
			path = CoreData;
			sourceTree = "<group>";
		};
/* End PBXGroup section */

/* Begin PBXNativeTarget section */
		11E353B32A53CEB00067A519 /* StatusbarReminderApp */ = {
			isa = PBXNativeTarget;
			buildConfigurationList = 11E353C32A53CEB10067A519 /* Build configuration list for PBXNativeTarget "StatusbarReminderApp" */;
			buildPhases = (
				11E353B02A53CEB00067A519 /* Sources */,
				11E353B12A53CEB00067A519 /* Frameworks */,
				11E353B22A53CEB00067A519 /* Resources */,
			);
			buildRules = (
			);
			dependencies = (
			);
			name = StatusbarReminderApp;
			productName = StatusbarReminderApp;
			productReference = 11E353B42A53CEB00067A519 /* StatusbarReminderApp.app */;
			productType = "com.apple.product-type.application";
		};
/* End PBXNativeTarget section */

/* Begin PBXProject section */
		11E353AC2A53CEB00067A519 /* Project object */ = {
			isa = PBXProject;
			attributes = {
				BuildIndependentTargetsInParallel = 1;
				LastSwiftUpdateCheck = 1430;
				LastUpgradeCheck = 1430;
				TargetAttributes = {
					11E353B32A53CEB00067A519 = {
						CreatedOnToolsVersion = 14.3.1;
					};
				};
			};
			buildConfigurationList = 11E353AF2A53CEB00067A519 /* Build configuration list for PBXProject "StatusbarReminderApp" */;
			compatibilityVersion = "Xcode 14.0";
			developmentRegion = en;
			hasScannedForEncodings = 0;
			knownRegions = (
				en,
				Base,
			);
			mainGroup = 11E353AB2A53CEB00067A519;
			productRefGroup = 11E353B52A53CEB00067A519 /* Products */;
			projectDirPath = "";
			projectRoot = "";
			targets = (
				11E353B32A53CEB00067A519 /* StatusbarReminderApp */,
			);
		};
/* End PBXProject section */

/* Begin PBXResourcesBuildPhase section */
		11E353B22A53CEB00067A519 /* Resources */ = {
			isa = PBXResourcesBuildPhase;
			buildActionMask = 2147483647;
			files = (
				11E353BF2A53CEB10067A519 /* Preview Assets.xcassets in Resources */,
				11E353BC2A53CEB10067A519 /* Assets.xcassets in Resources */,
			);
			runOnlyForDeploymentPostprocessing = 0;
		};
/* End PBXResourcesBuildPhase section */

/* Begin PBXSourcesBuildPhase section */
		11E353B02A53CEB00067A519 /* Sources */ = {
			isa = PBXSourcesBuildPhase;
			buildActionMask = 2147483647;
			files = (
				11E353CB2A53CF360067A519 /* HomeView.swift in Sources */,
				11E353D02A53E4900067A519 /* BaseViewModel.swift in Sources */,
				11E353D42A53F4E00067A519 /* RoutineContainer.xcdatamodeld in Sources */,
				11E353BA2A53CEB00067A519 /* ContentView.swift in Sources */,
				11E353B82A53CEB00067A519 /* StatusbarReminderAppApp.swift in Sources */,
				11E353D62A54235F0067A519 /* RoutineAddView.swift in Sources */,
				11E353CD2A53CF440067A519 /* HomeViewModel.swift in Sources */,
			);
			runOnlyForDeploymentPostprocessing = 0;
		};
/* End PBXSourcesBuildPhase section */

/* Begin XCBuildConfiguration section */
		11E353C12A53CEB10067A519 /* Debug */ = {
			isa = XCBuildConfiguration;
			buildSettings = {
				ALWAYS_SEARCH_USER_PATHS = NO;
				CLANG_ANALYZER_NONNULL = YES;
				CLANG_ANALYZER_NUMBER_OBJECT_CONVERSION = YES_AGGRESSIVE;
				CLANG_CXX_LANGUAGE_STANDARD = "gnu++20";
				CLANG_ENABLE_MODULES = YES;
				CLANG_ENABLE_OBJC_ARC = YES;
				CLANG_ENABLE_OBJC_WEAK = YES;
				CLANG_WARN_BLOCK_CAPTURE_AUTORELEASING = YES;
				CLANG_WARN_BOOL_CONVERSION = YES;
				CLANG_WARN_COMMA = YES;
				CLANG_WARN_CONSTANT_CONVERSION = YES;
				CLANG_WARN_DEPRECATED_OBJC_IMPLEMENTATIONS = YES;
				CLANG_WARN_DIRECT_OBJC_ISA_USAGE = YES_ERROR;
				CLANG_WARN_DOCUMENTATION_COMMENTS = YES;
				CLANG_WARN_EMPTY_BODY = YES;
				CLANG_WARN_ENUM_CONVERSION = YES;
				CLANG_WARN_INFINITE_RECURSION = YES;
				CLANG_WARN_INT_CONVERSION = YES;
				CLANG_WARN_NON_LITERAL_NULL_CONVERSION = YES;
				CLANG_WARN_OBJC_IMPLICIT_RETAIN_SELF = YES;
				CLANG_WARN_OBJC_LITERAL_CONVERSION = YES;
				CLANG_WARN_OBJC_ROOT_CLASS = YES_ERROR;
				CLANG_WARN_QUOTED_INCLUDE_IN_FRAMEWORK_HEADER = YES;
				CLANG_WARN_RANGE_LOOP_ANALYSIS = YES;
				CLANG_WARN_STRICT_PROTOTYPES = YES;
				CLANG_WARN_SUSPICIOUS_MOVE = YES;
				CLANG_WARN_UNGUARDED_AVAILABILITY = YES_AGGRESSIVE;
				CLANG_WARN_UNREACHABLE_CODE = YES;
				CLANG_WARN__DUPLICATE_METHOD_MATCH = YES;
				COPY_PHASE_STRIP = NO;
				DEBUG_INFORMATION_FORMAT = dwarf;
				ENABLE_STRICT_OBJC_MSGSEND = YES;
				ENABLE_TESTABILITY = YES;
				GCC_C_LANGUAGE_STANDARD = gnu11;
				GCC_DYNAMIC_NO_PIC = NO;
				GCC_NO_COMMON_BLOCKS = YES;
				GCC_OPTIMIZATION_LEVEL = 0;
				GCC_PREPROCESSOR_DEFINITIONS = (
					"DEBUG=1",
					"$(inherited)",
				);
				GCC_WARN_64_TO_32_BIT_CONVERSION = YES;
				GCC_WARN_ABOUT_RETURN_TYPE = YES_ERROR;
				GCC_WARN_UNDECLARED_SELECTOR = YES;
				GCC_WARN_UNINITIALIZED_AUTOS = YES_AGGRESSIVE;
				GCC_WARN_UNUSED_FUNCTION = YES;
				GCC_WARN_UNUSED_VARIABLE = YES;
				MACOSX_DEPLOYMENT_TARGET = 13.3;
				MTL_ENABLE_DEBUG_INFO = INCLUDE_SOURCE;
				MTL_FAST_MATH = YES;
				ONLY_ACTIVE_ARCH = YES;
				SDKROOT = macosx;
				SWIFT_ACTIVE_COMPILATION_CONDITIONS = DEBUG;
				SWIFT_OPTIMIZATION_LEVEL = "-Onone";
			};
			name = Debug;
		};
		11E353C22A53CEB10067A519 /* Release */ = {
			isa = XCBuildConfiguration;
			buildSettings = {
				ALWAYS_SEARCH_USER_PATHS = NO;
				CLANG_ANALYZER_NONNULL = YES;
				CLANG_ANALYZER_NUMBER_OBJECT_CONVERSION = YES_AGGRESSIVE;
				CLANG_CXX_LANGUAGE_STANDARD = "gnu++20";
				CLANG_ENABLE_MODULES = YES;
				CLANG_ENABLE_OBJC_ARC = YES;
				CLANG_ENABLE_OBJC_WEAK = YES;
				CLANG_WARN_BLOCK_CAPTURE_AUTORELEASING = YES;
				CLANG_WARN_BOOL_CONVERSION = YES;
				CLANG_WARN_COMMA = YES;
				CLANG_WARN_CONSTANT_CONVERSION = YES;
				CLANG_WARN_DEPRECATED_OBJC_IMPLEMENTATIONS = YES;
				CLANG_WARN_DIRECT_OBJC_ISA_USAGE = YES_ERROR;
				CLANG_WARN_DOCUMENTATION_COMMENTS = YES;
				CLANG_WARN_EMPTY_BODY = YES;
				CLANG_WARN_ENUM_CONVERSION = YES;
				CLANG_WARN_INFINITE_RECURSION = YES;
				CLANG_WARN_INT_CONVERSION = YES;
				CLANG_WARN_NON_LITERAL_NULL_CONVERSION = YES;
				CLANG_WARN_OBJC_IMPLICIT_RETAIN_SELF = YES;
				CLANG_WARN_OBJC_LITERAL_CONVERSION = YES;
				CLANG_WARN_OBJC_ROOT_CLASS = YES_ERROR;
				CLANG_WARN_QUOTED_INCLUDE_IN_FRAMEWORK_HEADER = YES;
				CLANG_WARN_RANGE_LOOP_ANALYSIS = YES;
				CLANG_WARN_STRICT_PROTOTYPES = YES;
				CLANG_WARN_SUSPICIOUS_MOVE = YES;
				CLANG_WARN_UNGUARDED_AVAILABILITY = YES_AGGRESSIVE;
				CLANG_WARN_UNREACHABLE_CODE = YES;
				CLANG_WARN__DUPLICATE_METHOD_MATCH = YES;
				COPY_PHASE_STRIP = NO;
				DEBUG_INFORMATION_FORMAT = "dwarf-with-dsym";
				ENABLE_NS_ASSERTIONS = NO;
				ENABLE_STRICT_OBJC_MSGSEND = YES;
				GCC_C_LANGUAGE_STANDARD = gnu11;
				GCC_NO_COMMON_BLOCKS = YES;
				GCC_WARN_64_TO_32_BIT_CONVERSION = YES;
				GCC_WARN_ABOUT_RETURN_TYPE = YES_ERROR;
				GCC_WARN_UNDECLARED_SELECTOR = YES;
				GCC_WARN_UNINITIALIZED_AUTOS = YES_AGGRESSIVE;
				GCC_WARN_UNUSED_FUNCTION = YES;
				GCC_WARN_UNUSED_VARIABLE = YES;
				MACOSX_DEPLOYMENT_TARGET = 13.3;
				MTL_ENABLE_DEBUG_INFO = NO;
				MTL_FAST_MATH = YES;
				SDKROOT = macosx;
				SWIFT_COMPILATION_MODE = wholemodule;
				SWIFT_OPTIMIZATION_LEVEL = "-O";
			};
			name = Release;
		};
		11E353C42A53CEB10067A519 /* Debug */ = {
			isa = XCBuildConfiguration;
			buildSettings = {
				ASSETCATALOG_COMPILER_APPICON_NAME = AppIcon;
				ASSETCATALOG_COMPILER_GLOBAL_ACCENT_COLOR_NAME = AccentColor;
				CODE_SIGN_ENTITLEMENTS = StatusbarReminderApp/StatusbarReminderApp.entitlements;
				CODE_SIGN_STYLE = Automatic;
				COMBINE_HIDPI_IMAGES = YES;
				CURRENT_PROJECT_VERSION = 1;
				DEVELOPMENT_ASSET_PATHS = "\"StatusbarReminderApp/Preview Content\"";
				DEVELOPMENT_TEAM = 33Z26KH6FC;
				ENABLE_HARDENED_RUNTIME = YES;
				ENABLE_PREVIEWS = YES;
				GENERATE_INFOPLIST_FILE = YES;
				INFOPLIST_KEY_NSHumanReadableCopyright = "";
				LD_RUNPATH_SEARCH_PATHS = (
					"$(inherited)",
					"@executable_path/../Frameworks",
				);
				MARKETING_VERSION = 1.0;
				PRODUCT_BUNDLE_IDENTIFIER = com.shakhawat.StatusbarReminderApp;
				PRODUCT_NAME = "$(TARGET_NAME)";
				SWIFT_EMIT_LOC_STRINGS = YES;
				SWIFT_VERSION = 5.0;
			};
			name = Debug;
		};
		11E353C52A53CEB10067A519 /* Release */ = {
			isa = XCBuildConfiguration;
			buildSettings = {
				ASSETCATALOG_COMPILER_APPICON_NAME = AppIcon;
				ASSETCATALOG_COMPILER_GLOBAL_ACCENT_COLOR_NAME = AccentColor;
				CODE_SIGN_ENTITLEMENTS = StatusbarReminderApp/StatusbarReminderApp.entitlements;
				CODE_SIGN_STYLE = Automatic;
				COMBINE_HIDPI_IMAGES = YES;
				CURRENT_PROJECT_VERSION = 1;
				DEVELOPMENT_ASSET_PATHS = "\"StatusbarReminderApp/Preview Content\"";
				DEVELOPMENT_TEAM = 33Z26KH6FC;
				ENABLE_HARDENED_RUNTIME = YES;
				ENABLE_PREVIEWS = YES;
				GENERATE_INFOPLIST_FILE = YES;
				INFOPLIST_KEY_NSHumanReadableCopyright = "";
				LD_RUNPATH_SEARCH_PATHS = (
					"$(inherited)",
					"@executable_path/../Frameworks",
				);
				MARKETING_VERSION = 1.0;
				PRODUCT_BUNDLE_IDENTIFIER = com.shakhawat.StatusbarReminderApp;
				PRODUCT_NAME = "$(TARGET_NAME)";
				SWIFT_EMIT_LOC_STRINGS = YES;
				SWIFT_VERSION = 5.0;
			};
			name = Release;
		};
/* End XCBuildConfiguration section */

/* Begin XCConfigurationList section */
		11E353AF2A53CEB00067A519 /* Build configuration list for PBXProject "StatusbarReminderApp" */ = {
			isa = XCConfigurationList;
			buildConfigurations = (
				11E353C12A53CEB10067A519 /* Debug */,
				11E353C22A53CEB10067A519 /* Release */,
			);
			defaultConfigurationIsVisible = 0;
			defaultConfigurationName = Release;
		};
		11E353C32A53CEB10067A519 /* Build configuration list for PBXNativeTarget "StatusbarReminderApp" */ = {
			isa = XCConfigurationList;
			buildConfigurations = (
				11E353C42A53CEB10067A519 /* Debug */,
				11E353C52A53CEB10067A519 /* Release */,
			);
			defaultConfigurationIsVisible = 0;
			defaultConfigurationName = Release;
		};
/* End XCConfigurationList section */

/* Begin XCVersionGroup section */
		11E353D22A53F4E00067A519 /* RoutineContainer.xcdatamodeld */ = {
			isa = XCVersionGroup;
			children = (
				11E353D32A53F4E00067A519 /* RoutineContainer.xcdatamodel */,
			);
			currentVersion = 11E353D32A53F4E00067A519 /* RoutineContainer.xcdatamodel */;
			path = RoutineContainer.xcdatamodeld;
			sourceTree = "<group>";
			versionGroupType = wrapper.xcdatamodel;
		};
/* End XCVersionGroup section */
	};
	rootObject = 11E353AC2A53CEB00067A519 /* Project object */;
}
